
Microsoft Visual Studio Solution File, Format Version 12.00
Project("{FAE04EC0-301F-11D3-BF4B-00C04F79EFBC}") = "cw3", "cw3\cw3.csproj", "{A3282FC1-9CD0-4551-A6D1-A4C8ACB7CFFA}"
EndProject
Global
	GlobalSection(SolutionConfigurationPlatforms) = preSolution
		Debug|Any CPU = Debug|Any CPU
		Release|Any CPU = Release|Any CPU
	EndGlobalSection
	GlobalSection(ProjectConfigurationPlatforms) = postSolution
		{A3282FC1-9CD0-4551-A6D1-A4C8ACB7CFFA}.Debug|Any CPU.ActiveCfg = Debug|Any CPU
		{A3282FC1-9CD0-4551-A6D1-A4C8ACB7CFFA}.Debug|Any CPU.Build.0 = Debug|Any CPU
		{A3282FC1-9CD0-4551-A6D1-A4C8ACB7CFFA}.Release|Any CPU.ActiveCfg = Release|Any CPU
		{A3282FC1-9CD0-4551-A6D1-A4C8ACB7CFFA}.Release|Any CPU.Build.0 = Release|Any CPU
	EndGlobalSection
EndGlobal
